// !$*UTF8*$!
{
	archiveVersion = 1;
	classes = {
	};
	objectVersion = 50;
	objects = {

/* Begin PBXBuildFile section */
		605C4AECA55F069EDF39AE32 /* Pods_Shudder.framework in Frameworks */ = {isa = PBXBuildFile; fileRef = 624183775BDECA5B3D16BCEE /* Pods_Shudder.framework */; };
		BFE07144217F913500429996 /* AppDelegate.swift in Sources */ = {isa = PBXBuildFile; fileRef = BFE07143217F913500429996 /* AppDelegate.swift */; };
		BFE07146217F913500429996 /* ViewController.swift in Sources */ = {isa = PBXBuildFile; fileRef = BFE07145217F913500429996 /* ViewController.swift */; };
		BFE07149217F913500429996 /* Main.storyboard in Resources */ = {isa = PBXBuildFile; fileRef = BFE07147217F913500429996 /* Main.storyboard */; };
		BFE0714C217F913500429996 /* Shudder.xcdatamodeld in Sources */ = {isa = PBXBuildFile; fileRef = BFE0714A217F913500429996 /* Shudder.xcdatamodeld */; };
		BFE0714E217F913700429996 /* Assets.xcassets in Resources */ = {isa = PBXBuildFile; fileRef = BFE0714D217F913700429996 /* Assets.xcassets */; };
		BFE07151217F913700429996 /* LaunchScreen.storyboard in Resources */ = {isa = PBXBuildFile; fileRef = BFE0714F217F913700429996 /* LaunchScreen.storyboard */; };
		BFE0715C217F913700429996 /* ShudderUITests.swift in Sources */ = {isa = PBXBuildFile; fileRef = BFE0715B217F913700429996 /* ShudderUITests.swift */; };
		BFE0716C217F920300429996 /* MainFeedPresenter.swift in Sources */ = {isa = PBXBuildFile; fileRef = BFE07166217F920300429996 /* MainFeedPresenter.swift */; };
		BFE0716D217F920300429996 /* MainFeedWorker.swift in Sources */ = {isa = PBXBuildFile; fileRef = BFE07167217F920300429996 /* MainFeedWorker.swift */; };
		BFE0716E217F920300429996 /* MainFeedRouter.swift in Sources */ = {isa = PBXBuildFile; fileRef = BFE07168217F920300429996 /* MainFeedRouter.swift */; };
		BFE0716F217F920300429996 /* MainFeedModels.swift in Sources */ = {isa = PBXBuildFile; fileRef = BFE07169217F920300429996 /* MainFeedModels.swift */; };
		BFE07170217F920300429996 /* MainFeedViewController.swift in Sources */ = {isa = PBXBuildFile; fileRef = BFE0716A217F920300429996 /* MainFeedViewController.swift */; };
		BFE07171217F920300429996 /* MainFeedInteractor.swift in Sources */ = {isa = PBXBuildFile; fileRef = BFE0716B217F920300429996 /* MainFeedInteractor.swift */; };
		BFE07176217F998600429996 /* FeaturedMovieCell.swift in Sources */ = {isa = PBXBuildFile; fileRef = BFE07172217F998500429996 /* FeaturedMovieCell.swift */; };
		BFE07179217F998600429996 /* DefaultMovieTableViewCell.swift in Sources */ = {isa = PBXBuildFile; fileRef = BFE07175217F998600429996 /* DefaultMovieTableViewCell.swift */; };
		BFE07180217F998F00429996 /* DefaultMovieCollectionCell.swift in Sources */ = {isa = PBXBuildFile; fileRef = BFE0717C217F998F00429996 /* DefaultMovieCollectionCell.swift */; };
		BFE07181217F998F00429996 /* FeaturedMovieCollectionViewCell.swift in Sources */ = {isa = PBXBuildFile; fileRef = BFE0717D217F998F00429996 /* FeaturedMovieCollectionViewCell.swift */; };
		BFE07183217F9AB400429996 /* Navbar.swift in Sources */ = {isa = PBXBuildFile; fileRef = BFE07182217F9AB400429996 /* Navbar.swift */; };
		BFE07185217FB22F00429996 /* Datastore.swift in Sources */ = {isa = PBXBuildFile; fileRef = BFE07184217FB22F00429996 /* Datastore.swift */; };
		BFE07187217FCEA800429996 /* Constants.swift in Sources */ = {isa = PBXBuildFile; fileRef = BFE07186217FCEA800429996 /* Constants.swift */; };
		D6640326AFE34F9E1094B4BF /* Pods_ShudderUITests.framework in Frameworks */ = {isa = PBXBuildFile; fileRef = 70215020E4CBCF95FB439F4F /* Pods_ShudderUITests.framework */; };
/* End PBXBuildFile section */

/* Begin PBXContainerItemProxy section */
		BFE07158217F913700429996 /* PBXContainerItemProxy */ = {
			isa = PBXContainerItemProxy;
			containerPortal = BFE07138217F913500429996 /* Project object */;
			proxyType = 1;
			remoteGlobalIDString = BFE0713F217F913500429996;
			remoteInfo = Shudder;
		};
/* End PBXContainerItemProxy section */

/* Begin PBXFileReference section */
		164A8FA09C4FD1A78CB64466 /* Pods-ShudderUITests.release.xcconfig */ = {isa = PBXFileReference; includeInIndex = 1; lastKnownFileType = text.xcconfig; name = "Pods-ShudderUITests.release.xcconfig"; path = "Pods/Target Support Files/Pods-ShudderUITests/Pods-ShudderUITests.release.xcconfig"; sourceTree = "<group>"; };
		1EA1BD91999FC0F15889C69A /* Pods-ShudderUITests.debug.xcconfig */ = {isa = PBXFileReference; includeInIndex = 1; lastKnownFileType = text.xcconfig; name = "Pods-ShudderUITests.debug.xcconfig"; path = "Pods/Target Support Files/Pods-ShudderUITests/Pods-ShudderUITests.debug.xcconfig"; sourceTree = "<group>"; };
		624183775BDECA5B3D16BCEE /* Pods_Shudder.framework */ = {isa = PBXFileReference; explicitFileType = wrapper.framework; includeInIndex = 0; path = Pods_Shudder.framework; sourceTree = BUILT_PRODUCTS_DIR; };
		70215020E4CBCF95FB439F4F /* Pods_ShudderUITests.framework */ = {isa = PBXFileReference; explicitFileType = wrapper.framework; includeInIndex = 0; path = Pods_ShudderUITests.framework; sourceTree = BUILT_PRODUCTS_DIR; };
		7EA8AD3D1CC1FD92E93E529C /* Pods-Shudder.release.xcconfig */ = {isa = PBXFileReference; includeInIndex = 1; lastKnownFileType = text.xcconfig; name = "Pods-Shudder.release.xcconfig"; path = "Pods/Target Support Files/Pods-Shudder/Pods-Shudder.release.xcconfig"; sourceTree = "<group>"; };
		BFE07140217F913500429996 /* Shudder.app */ = {isa = PBXFileReference; explicitFileType = wrapper.application; includeInIndex = 0; path = Shudder.app; sourceTree = BUILT_PRODUCTS_DIR; };
		BFE07143217F913500429996 /* AppDelegate.swift */ = {isa = PBXFileReference; lastKnownFileType = sourcecode.swift; path = AppDelegate.swift; sourceTree = "<group>"; };
		BFE07145217F913500429996 /* ViewController.swift */ = {isa = PBXFileReference; lastKnownFileType = sourcecode.swift; path = ViewController.swift; sourceTree = "<group>"; };
		BFE07148217F913500429996 /* Base */ = {isa = PBXFileReference; lastKnownFileType = file.storyboard; name = Base; path = Base.lproj/Main.storyboard; sourceTree = "<group>"; };
		BFE0714B217F913500429996 /* Shudder.xcdatamodel */ = {isa = PBXFileReference; lastKnownFileType = wrapper.xcdatamodel; path = Shudder.xcdatamodel; sourceTree = "<group>"; };
		BFE0714D217F913700429996 /* Assets.xcassets */ = {isa = PBXFileReference; lastKnownFileType = folder.assetcatalog; path = Assets.xcassets; sourceTree = "<group>"; };
		BFE07150217F913700429996 /* Base */ = {isa = PBXFileReference; lastKnownFileType = file.storyboard; name = Base; path = Base.lproj/LaunchScreen.storyboard; sourceTree = "<group>"; };
		BFE07152217F913700429996 /* Info.plist */ = {isa = PBXFileReference; lastKnownFileType = text.plist.xml; path = Info.plist; sourceTree = "<group>"; };
		BFE07157217F913700429996 /* ShudderUITests.xctest */ = {isa = PBXFileReference; explicitFileType = wrapper.cfbundle; includeInIndex = 0; path = ShudderUITests.xctest; sourceTree = BUILT_PRODUCTS_DIR; };
		BFE0715B217F913700429996 /* ShudderUITests.swift */ = {isa = PBXFileReference; lastKnownFileType = sourcecode.swift; path = ShudderUITests.swift; sourceTree = "<group>"; };
		BFE0715D217F913700429996 /* Info.plist */ = {isa = PBXFileReference; lastKnownFileType = text.plist.xml; path = Info.plist; sourceTree = "<group>"; };
		BFE07166217F920300429996 /* MainFeedPresenter.swift */ = {isa = PBXFileReference; lastKnownFileType = sourcecode.swift; path = MainFeedPresenter.swift; sourceTree = "<group>"; };
		BFE07167217F920300429996 /* MainFeedWorker.swift */ = {isa = PBXFileReference; lastKnownFileType = sourcecode.swift; path = MainFeedWorker.swift; sourceTree = "<group>"; };
		BFE07168217F920300429996 /* MainFeedRouter.swift */ = {isa = PBXFileReference; lastKnownFileType = sourcecode.swift; path = MainFeedRouter.swift; sourceTree = "<group>"; };
		BFE07169217F920300429996 /* MainFeedModels.swift */ = {isa = PBXFileReference; lastKnownFileType = sourcecode.swift; path = MainFeedModels.swift; sourceTree = "<group>"; };
		BFE0716A217F920300429996 /* MainFeedViewController.swift */ = {isa = PBXFileReference; lastKnownFileType = sourcecode.swift; path = MainFeedViewController.swift; sourceTree = "<group>"; };
		BFE0716B217F920300429996 /* MainFeedInteractor.swift */ = {isa = PBXFileReference; lastKnownFileType = sourcecode.swift; path = MainFeedInteractor.swift; sourceTree = "<group>"; };
		BFE07172217F998500429996 /* FeaturedMovieCell.swift */ = {isa = PBXFileReference; fileEncoding = 4; lastKnownFileType = sourcecode.swift; path = FeaturedMovieCell.swift; sourceTree = "<group>"; };
		BFE07175217F998600429996 /* DefaultMovieTableViewCell.swift */ = {isa = PBXFileReference; fileEncoding = 4; lastKnownFileType = sourcecode.swift; path = DefaultMovieTableViewCell.swift; sourceTree = "<group>"; };
		BFE0717C217F998F00429996 /* DefaultMovieCollectionCell.swift */ = {isa = PBXFileReference; fileEncoding = 4; lastKnownFileType = sourcecode.swift; path = DefaultMovieCollectionCell.swift; sourceTree = "<group>"; };
		BFE0717D217F998F00429996 /* FeaturedMovieCollectionViewCell.swift */ = {isa = PBXFileReference; fileEncoding = 4; lastKnownFileType = sourcecode.swift; path = FeaturedMovieCollectionViewCell.swift; sourceTree = "<group>"; };
		BFE07182217F9AB400429996 /* Navbar.swift */ = {isa = PBXFileReference; lastKnownFileType = sourcecode.swift; path = Navbar.swift; sourceTree = "<group>"; };
		BFE07184217FB22F00429996 /* Datastore.swift */ = {isa = PBXFileReference; fileEncoding = 4; lastKnownFileType = sourcecode.swift; path = Datastore.swift; sourceTree = "<group>"; };
		BFE07186217FCEA800429996 /* Constants.swift */ = {isa = PBXFileReference; lastKnownFileType = sourcecode.swift; path = Constants.swift; sourceTree = "<group>"; };
		DEE4F661163A9C833C558184 /* Pods-Shudder.debug.xcconfig */ = {isa = PBXFileReference; includeInIndex = 1; lastKnownFileType = text.xcconfig; name = "Pods-Shudder.debug.xcconfig"; path = "Pods/Target Support Files/Pods-Shudder/Pods-Shudder.debug.xcconfig"; sourceTree = "<group>"; };
/* End PBXFileReference section */

/* Begin PBXFrameworksBuildPhase section */
		BFE0713D217F913500429996 /* Frameworks */ = {
			isa = PBXFrameworksBuildPhase;
			buildActionMask = 2147483647;
			files = (
				605C4AECA55F069EDF39AE32 /* Pods_Shudder.framework in Frameworks */,
			);
			runOnlyForDeploymentPostprocessing = 0;
		};
		BFE07154217F913700429996 /* Frameworks */ = {
			isa = PBXFrameworksBuildPhase;
			buildActionMask = 2147483647;
			files = (
				D6640326AFE34F9E1094B4BF /* Pods_ShudderUITests.framework in Frameworks */,
			);
			runOnlyForDeploymentPostprocessing = 0;
		};
/* End PBXFrameworksBuildPhase section */

/* Begin PBXGroup section */
		0DEDF48B8DA03F5131FDFC54 /* Pods */ = {
			isa = PBXGroup;
			children = (
				DEE4F661163A9C833C558184 /* Pods-Shudder.debug.xcconfig */,
				7EA8AD3D1CC1FD92E93E529C /* Pods-Shudder.release.xcconfig */,
				1EA1BD91999FC0F15889C69A /* Pods-ShudderUITests.debug.xcconfig */,
				164A8FA09C4FD1A78CB64466 /* Pods-ShudderUITests.release.xcconfig */,
			);
			name = Pods;
			sourceTree = "<group>";
		};
		6570220EFDEFC72AA22C2271 /* Frameworks */ = {
			isa = PBXGroup;
			children = (
				624183775BDECA5B3D16BCEE /* Pods_Shudder.framework */,
				70215020E4CBCF95FB439F4F /* Pods_ShudderUITests.framework */,
			);
			name = Frameworks;
			sourceTree = "<group>";
		};
		BFE07137217F913500429996 = {
			isa = PBXGroup;
			children = (
				BFE07142217F913500429996 /* Shudder */,
				BFE0715A217F913700429996 /* ShudderUITests */,
				BFE07141217F913500429996 /* Products */,
				0DEDF48B8DA03F5131FDFC54 /* Pods */,
				6570220EFDEFC72AA22C2271 /* Frameworks */,
			);
			sourceTree = "<group>";
		};
		BFE07141217F913500429996 /* Products */ = {
			isa = PBXGroup;
			children = (
				BFE07140217F913500429996 /* Shudder.app */,
				BFE07157217F913700429996 /* ShudderUITests.xctest */,
			);
			name = Products;
			sourceTree = "<group>";
		};
		BFE07142217F913500429996 /* Shudder */ = {
			isa = PBXGroup;
			children = (
				BFE07143217F913500429996 /* AppDelegate.swift */,
				BFE07145217F913500429996 /* ViewController.swift */,
				BFE07166217F920300429996 /* MainFeedPresenter.swift */,
				BFE07167217F920300429996 /* MainFeedWorker.swift */,
				BFE07168217F920300429996 /* MainFeedRouter.swift */,
				BFE07169217F920300429996 /* MainFeedModels.swift */,
				BFE0716A217F920300429996 /* MainFeedViewController.swift */,
				BFE07186217FCEA800429996 /* Constants.swift */,
				BFE07182217F9AB400429996 /* Navbar.swift */,
				BFE0716B217F920300429996 /* MainFeedInteractor.swift */,
				BFE07172217F998500429996 /* FeaturedMovieCell.swift */,
				BFE07175217F998600429996 /* DefaultMovieTableViewCell.swift */,
				BFE0717C217F998F00429996 /* DefaultMovieCollectionCell.swift */,
				BFE0717D217F998F00429996 /* FeaturedMovieCollectionViewCell.swift */,
				BFE07184217FB22F00429996 /* Datastore.swift */,
				BFE07147217F913500429996 /* Main.storyboard */,
				BFE0714D217F913700429996 /* Assets.xcassets */,
				BFE0714F217F913700429996 /* LaunchScreen.storyboard */,
				BFE07152217F913700429996 /* Info.plist */,
				BFE0714A217F913500429996 /* Shudder.xcdatamodeld */,
			);
			path = Shudder;
			sourceTree = "<group>";
		};
		BFE0715A217F913700429996 /* ShudderUITests */ = {
			isa = PBXGroup;
			children = (
				BFE0715B217F913700429996 /* ShudderUITests.swift */,
				BFE0715D217F913700429996 /* Info.plist */,
			);
			path = ShudderUITests;
			sourceTree = "<group>";
		};
/* End PBXGroup section */

/* Begin PBXNativeTarget section */
		BFE0713F217F913500429996 /* Shudder */ = {
			isa = PBXNativeTarget;
			buildConfigurationList = BFE07160217F913700429996 /* Build configuration list for PBXNativeTarget "Shudder" */;
			buildPhases = (
				0CF90D251D86E73604077098 /* [CP] Check Pods Manifest.lock */,
				BFE0713C217F913500429996 /* Sources */,
				BFE0713D217F913500429996 /* Frameworks */,
				BFE0713E217F913500429996 /* Resources */,
				5080F1F8D51DE798BB389A61 /* [CP] Embed Pods Frameworks */,
				FC9FA7F8D189C7040828C2CF /* [CP] Copy Pods Resources */,
			);
			buildRules = (
			);
			dependencies = (
			);
			name = Shudder;
			productName = Shudder;
			productReference = BFE07140217F913500429996 /* Shudder.app */;
			productType = "com.apple.product-type.application";
		};
		BFE07156217F913700429996 /* ShudderUITests */ = {
			isa = PBXNativeTarget;
			buildConfigurationList = BFE07163217F913700429996 /* Build configuration list for PBXNativeTarget "ShudderUITests" */;
			buildPhases = (
				B5884984068AF27E870435E6 /* [CP] Check Pods Manifest.lock */,
				BFE07153217F913700429996 /* Sources */,
				BFE07154217F913700429996 /* Frameworks */,
				BFE07155217F913700429996 /* Resources */,
				73B8E1CBD5450B5ED76F9760 /* [CP] Embed Pods Frameworks */,
				158C530CC34BAD257DF5A0C6 /* [CP] Copy Pods Resources */,
			);
			buildRules = (
			);
			dependencies = (
				BFE07159217F913700429996 /* PBXTargetDependency */,
			);
			name = ShudderUITests;
			productName = ShudderUITests;
			productReference = BFE07157217F913700429996 /* ShudderUITests.xctest */;
			productType = "com.apple.product-type.bundle.ui-testing";
		};
/* End PBXNativeTarget section */

/* Begin PBXProject section */
		BFE07138217F913500429996 /* Project object */ = {
			isa = PBXProject;
			attributes = {
				LastSwiftUpdateCheck = 1010;
				LastUpgradeCheck = 1010;
				ORGANIZATIONNAME = Mapfit;
				TargetAttributes = {
					BFE0713F217F913500429996 = {
						CreatedOnToolsVersion = 10.1;
					};
					BFE07156217F913700429996 = {
						CreatedOnToolsVersion = 10.1;
						TestTargetID = BFE0713F217F913500429996;
					};
				};
			};
			buildConfigurationList = BFE0713B217F913500429996 /* Build configuration list for PBXProject "Shudder" */;
			compatibilityVersion = "Xcode 9.3";
			developmentRegion = en;
			hasScannedForEncodings = 0;
			knownRegions = (
				en,
				Base,
			);
			mainGroup = BFE07137217F913500429996;
			productRefGroup = BFE07141217F913500429996 /* Products */;
			projectDirPath = "";
			projectRoot = "";
			targets = (
				BFE0713F217F913500429996 /* Shudder */,
				BFE07156217F913700429996 /* ShudderUITests */,
			);
		};
/* End PBXProject section */

/* Begin PBXResourcesBuildPhase section */
		BFE0713E217F913500429996 /* Resources */ = {
			isa = PBXResourcesBuildPhase;
			buildActionMask = 2147483647;
			files = (
				BFE07151217F913700429996 /* LaunchScreen.storyboard in Resources */,
				BFE0714E217F913700429996 /* Assets.xcassets in Resources */,
				BFE07149217F913500429996 /* Main.storyboard in Resources */,
			);
			runOnlyForDeploymentPostprocessing = 0;
		};
		BFE07155217F913700429996 /* Resources */ = {
			isa = PBXResourcesBuildPhase;
			buildActionMask = 2147483647;
			files = (
			);
			runOnlyForDeploymentPostprocessing = 0;
		};
/* End PBXResourcesBuildPhase section */

/* Begin PBXShellScriptBuildPhase section */
		0CF90D251D86E73604077098 /* [CP] Check Pods Manifest.lock */ = {
			isa = PBXShellScriptBuildPhase;
			buildActionMask = 2147483647;
			files = (
			);
			inputPaths = (
				"${PODS_PODFILE_DIR_PATH}/Podfile.lock",
				"${PODS_ROOT}/Manifest.lock",
			);
			name = "[CP] Check Pods Manifest.lock";
			outputPaths = (
				"$(DERIVED_FILE_DIR)/Pods-Shudder-checkManifestLockResult.txt",
			);
			runOnlyForDeploymentPostprocessing = 0;
			shellPath = /bin/sh;
			shellScript = "diff \"${PODS_PODFILE_DIR_PATH}/Podfile.lock\" \"${PODS_ROOT}/Manifest.lock\" > /dev/null\nif [ $? != 0 ] ; then\n    # print error to STDERR\n    echo \"error: The sandbox is not in sync with the Podfile.lock. Run 'pod install' or update your CocoaPods installation.\" >&2\n    exit 1\nfi\n# This output is used by Xcode 'outputs' to avoid re-running this script phase.\necho \"SUCCESS\" > \"${SCRIPT_OUTPUT_FILE_0}\"\n";
			showEnvVarsInLog = 0;
		};
		158C530CC34BAD257DF5A0C6 /* [CP] Copy Pods Resources */ = {
			isa = PBXShellScriptBuildPhase;
			buildActionMask = 2147483647;
			files = (
			);
			inputPaths = (
			);
			name = "[CP] Copy Pods Resources";
			outputPaths = (
			);
			runOnlyForDeploymentPostprocessing = 0;
			shellPath = /bin/sh;
			shellScript = "\"${SRCROOT}/Pods/Target Support Files/Pods-ShudderUITests/Pods-ShudderUITests-resources.sh\"\n";
			showEnvVarsInLog = 0;
		};
		5080F1F8D51DE798BB389A61 /* [CP] Embed Pods Frameworks */ = {
			isa = PBXShellScriptBuildPhase;
			buildActionMask = 2147483647;
			files = (
			);
			inputPaths = (
				"${SRCROOT}/Pods/Target Support Files/Pods-Shudder/Pods-Shudder-frameworks.sh",
				"${BUILT_PRODUCTS_DIR}/SDWebImage/SDWebImage.framework",
				"${BUILT_PRODUCTS_DIR}/SnapKit/SnapKit.framework",
			);
			name = "[CP] Embed Pods Frameworks";
			outputPaths = (
				"${TARGET_BUILD_DIR}/${FRAMEWORKS_FOLDER_PATH}/SDWebImage.framework",
				"${TARGET_BUILD_DIR}/${FRAMEWORKS_FOLDER_PATH}/SnapKit.framework",
			);
			runOnlyForDeploymentPostprocessing = 0;
			shellPath = /bin/sh;
			shellScript = "\"${SRCROOT}/Pods/Target Support Files/Pods-Shudder/Pods-Shudder-frameworks.sh\"\n";
			showEnvVarsInLog = 0;
		};
		73B8E1CBD5450B5ED76F9760 /* [CP] Embed Pods Frameworks */ = {
			isa = PBXShellScriptBuildPhase;
			buildActionMask = 2147483647;
			files = (
			);
			inputPaths = (
			);
			name = "[CP] Embed Pods Frameworks";
			outputPaths = (
			);
			runOnlyForDeploymentPostprocessing = 0;
			shellPath = /bin/sh;
			shellScript = "\"${SRCROOT}/Pods/Target Support Files/Pods-ShudderUITests/Pods-ShudderUITests-frameworks.sh\"\n";
			showEnvVarsInLog = 0;
		};
		B5884984068AF27E870435E6 /* [CP] Check Pods Manifest.lock */ = {
			isa = PBXShellScriptBuildPhase;
			buildActionMask = 2147483647;
			files = (
			);
			inputPaths = (
				"${PODS_PODFILE_DIR_PATH}/Podfile.lock",
				"${PODS_ROOT}/Manifest.lock",
			);
			name = "[CP] Check Pods Manifest.lock";
			outputPaths = (
				"$(DERIVED_FILE_DIR)/Pods-ShudderUITests-checkManifestLockResult.txt",
			);
			runOnlyForDeploymentPostprocessing = 0;
			shellPath = /bin/sh;
			shellScript = "diff \"${PODS_PODFILE_DIR_PATH}/Podfile.lock\" \"${PODS_ROOT}/Manifest.lock\" > /dev/null\nif [ $? != 0 ] ; then\n    # print error to STDERR\n    echo \"error: The sandbox is not in sync with the Podfile.lock. Run 'pod install' or update your CocoaPods installation.\" >&2\n    exit 1\nfi\n# This output is used by Xcode 'outputs' to avoid re-running this script phase.\necho \"SUCCESS\" > \"${SCRIPT_OUTPUT_FILE_0}\"\n";
			showEnvVarsInLog = 0;
		};
		FC9FA7F8D189C7040828C2CF /* [CP] Copy Pods Resources */ = {
			isa = PBXShellScriptBuildPhase;
			buildActionMask = 2147483647;
			files = (
			);
			inputPaths = (
			);
			name = "[CP] Copy Pods Resources";
			outputPaths = (
			);
			runOnlyForDeploymentPostprocessing = 0;
			shellPath = /bin/sh;
			shellScript = "\"${SRCROOT}/Pods/Target Support Files/Pods-Shudder/Pods-Shudder-resources.sh\"\n";
			showEnvVarsInLog = 0;
		};
/* End PBXShellScriptBuildPhase section */

/* Begin PBXSourcesBuildPhase section */
		BFE0713C217F913500429996 /* Sources */ = {
			isa = PBXSourcesBuildPhase;
			buildActionMask = 2147483647;
			files = (
				BFE07179217F998600429996 /* DefaultMovieTableViewCell.swift in Sources */,
				BFE07181217F998F00429996 /* FeaturedMovieCollectionViewCell.swift in Sources */,
				BFE07183217F9AB400429996 /* Navbar.swift in Sources */,
				BFE07171217F920300429996 /* MainFeedInteractor.swift in Sources */,
				BFE07185217FB22F00429996 /* Datastore.swift in Sources */,
				BFE0716F217F920300429996 /* MainFeedModels.swift in Sources */,
				BFE07146217F913500429996 /* ViewController.swift in Sources */,
				BFE07176217F998600429996 /* FeaturedMovieCell.swift in Sources */,
				BFE0714C217F913500429996 /* Shudder.xcdatamodeld in Sources */,
				BFE07144217F913500429996 /* AppDelegate.swift in Sources */,
				BFE07180217F998F00429996 /* DefaultMovieCollectionCell.swift in Sources */,
				BFE0716E217F920300429996 /* MainFeedRouter.swift in Sources */,
				BFE07187217FCEA800429996 /* Constants.swift in Sources */,
				BFE0716C217F920300429996 /* MainFeedPresenter.swift in Sources */,
				BFE0716D217F920300429996 /* MainFeedWorker.swift in Sources */,
				BFE07170217F920300429996 /* MainFeedViewController.swift in Sources */,
			);
			runOnlyForDeploymentPostprocessing = 0;
		};
		BFE07153217F913700429996 /* Sources */ = {
			isa = PBXSourcesBuildPhase;
			buildActionMask = 2147483647;
			files = (
				BFE0715C217F913700429996 /* ShudderUITests.swift in Sources */,
			);
			runOnlyForDeploymentPostprocessing = 0;
		};
/* End PBXSourcesBuildPhase section */

/* Begin PBXTargetDependency section */
		BFE07159217F913700429996 /* PBXTargetDependency */ = {
			isa = PBXTargetDependency;
			target = BFE0713F217F913500429996 /* Shudder */;
			targetProxy = BFE07158217F913700429996 /* PBXContainerItemProxy */;
		};
/* End PBXTargetDependency section */

/* Begin PBXVariantGroup section */
		BFE07147217F913500429996 /* Main.storyboard */ = {
			isa = PBXVariantGroup;
			children = (
				BFE07148217F913500429996 /* Base */,
			);
			name = Main.storyboard;
			sourceTree = "<group>";
		};
		BFE0714F217F913700429996 /* LaunchScreen.storyboard */ = {
			isa = PBXVariantGroup;
			children = (
				BFE07150217F913700429996 /* Base */,
			);
			name = LaunchScreen.storyboard;
			sourceTree = "<group>";
		};
/* End PBXVariantGroup section */

/* Begin XCBuildConfiguration section */
		BFE0715E217F913700429996 /* Debug */ = {
			isa = XCBuildConfiguration;
			buildSettings = {
				ALWAYS_SEARCH_USER_PATHS = NO;
				CLANG_ANALYZER_NONNULL = YES;
				CLANG_ANALYZER_NUMBER_OBJECT_CONVERSION = YES_AGGRESSIVE;
				CLANG_CXX_LANGUAGE_STANDARD = "gnu++14";
				CLANG_CXX_LIBRARY = "libc++";
				CLANG_ENABLE_MODULES = YES;
				CLANG_ENABLE_OBJC_ARC = YES;
				CLANG_ENABLE_OBJC_WEAK = YES;
				CLANG_WARN_BLOCK_CAPTURE_AUTORELEASING = YES;
				CLANG_WARN_BOOL_CONVERSION = YES;
				CLANG_WARN_COMMA = YES;
				CLANG_WARN_CONSTANT_CONVERSION = YES;
				CLANG_WARN_DEPRECATED_OBJC_IMPLEMENTATIONS = YES;
				CLANG_WARN_DIRECT_OBJC_ISA_USAGE = YES_ERROR;
				CLANG_WARN_DOCUMENTATION_COMMENTS = YES;
				CLANG_WARN_EMPTY_BODY = YES;
				CLANG_WARN_ENUM_CONVERSION = YES;
				CLANG_WARN_INFINITE_RECURSION = YES;
				CLANG_WARN_INT_CONVERSION = YES;
				CLANG_WARN_NON_LITERAL_NULL_CONVERSION = YES;
				CLANG_WARN_OBJC_IMPLICIT_RETAIN_SELF = YES;
				CLANG_WARN_OBJC_LITERAL_CONVERSION = YES;
				CLANG_WARN_OBJC_ROOT_CLASS = YES_ERROR;
				CLANG_WARN_RANGE_LOOP_ANALYSIS = YES;
				CLANG_WARN_STRICT_PROTOTYPES = YES;
				CLANG_WARN_SUSPICIOUS_MOVE = YES;
				CLANG_WARN_UNGUARDED_AVAILABILITY = YES_AGGRESSIVE;
				CLANG_WARN_UNREACHABLE_CODE = YES;
				CLANG_WARN__DUPLICATE_METHOD_MATCH = YES;
				CODE_SIGN_IDENTITY = "iPhone Developer";
				COPY_PHASE_STRIP = NO;
				DEBUG_INFORMATION_FORMAT = dwarf;
				ENABLE_STRICT_OBJC_MSGSEND = YES;
				ENABLE_TESTABILITY = YES;
				GCC_C_LANGUAGE_STANDARD = gnu11;
				GCC_DYNAMIC_NO_PIC = NO;
				GCC_NO_COMMON_BLOCKS = YES;
				GCC_OPTIMIZATION_LEVEL = 0;
				GCC_PREPROCESSOR_DEFINITIONS = (
					"DEBUG=1",
					"$(inherited)",
				);
				GCC_WARN_64_TO_32_BIT_CONVERSION = YES;
				GCC_WARN_ABOUT_RETURN_TYPE = YES_ERROR;
				GCC_WARN_UNDECLARED_SELECTOR = YES;
				GCC_WARN_UNINITIALIZED_AUTOS = YES_AGGRESSIVE;
				GCC_WARN_UNUSED_FUNCTION = YES;
				GCC_WARN_UNUSED_VARIABLE = YES;
				IPHONEOS_DEPLOYMENT_TARGET = 12.1;
				MTL_ENABLE_DEBUG_INFO = INCLUDE_SOURCE;
				MTL_FAST_MATH = YES;
				ONLY_ACTIVE_ARCH = YES;
				SDKROOT = iphoneos;
				SWIFT_ACTIVE_COMPILATION_CONDITIONS = DEBUG;
				SWIFT_OPTIMIZATION_LEVEL = "-Onone";
			};
			name = Debug;
		};
		BFE0715F217F913700429996 /* Release */ = {
			isa = XCBuildConfiguration;
			buildSettings = {
				ALWAYS_SEARCH_USER_PATHS = NO;
				CLANG_ANALYZER_NONNULL = YES;
				CLANG_ANALYZER_NUMBER_OBJECT_CONVERSION = YES_AGGRESSIVE;
				CLANG_CXX_LANGUAGE_STANDARD = "gnu++14";
				CLANG_CXX_LIBRARY = "libc++";
				CLANG_ENABLE_MODULES = YES;
				CLANG_ENABLE_OBJC_ARC = YES;
				CLANG_ENABLE_OBJC_WEAK = YES;
				CLANG_WARN_BLOCK_CAPTURE_AUTORELEASING = YES;
				CLANG_WARN_BOOL_CONVERSION = YES;
				CLANG_WARN_COMMA = YES;
				CLANG_WARN_CONSTANT_CONVERSION = YES;
				CLANG_WARN_DEPRECATED_OBJC_IMPLEMENTATIONS = YES;
				CLANG_WARN_DIRECT_OBJC_ISA_USAGE = YES_ERROR;
				CLANG_WARN_DOCUMENTATION_COMMENTS = YES;
				CLANG_WARN_EMPTY_BODY = YES;
				CLANG_WARN_ENUM_CONVERSION = YES;
				CLANG_WARN_INFINITE_RECURSION = YES;
				CLANG_WARN_INT_CONVERSION = YES;
				CLANG_WARN_NON_LITERAL_NULL_CONVERSION = YES;
				CLANG_WARN_OBJC_IMPLICIT_RETAIN_SELF = YES;
				CLANG_WARN_OBJC_LITERAL_CONVERSION = YES;
				CLANG_WARN_OBJC_ROOT_CLASS = YES_ERROR;
				CLANG_WARN_RANGE_LOOP_ANALYSIS = YES;
				CLANG_WARN_STRICT_PROTOTYPES = YES;
				CLANG_WARN_SUSPICIOUS_MOVE = YES;
				CLANG_WARN_UNGUARDED_AVAILABILITY = YES_AGGRESSIVE;
				CLANG_WARN_UNREACHABLE_CODE = YES;
				CLANG_WARN__DUPLICATE_METHOD_MATCH = YES;
				CODE_SIGN_IDENTITY = "iPhone Developer";
				COPY_PHASE_STRIP = NO;
				DEBUG_INFORMATION_FORMAT = "dwarf-with-dsym";
				ENABLE_NS_ASSERTIONS = NO;
				ENABLE_STRICT_OBJC_MSGSEND = YES;
				GCC_C_LANGUAGE_STANDARD = gnu11;
				GCC_NO_COMMON_BLOCKS = YES;
				GCC_WARN_64_TO_32_BIT_CONVERSION = YES;
				GCC_WARN_ABOUT_RETURN_TYPE = YES_ERROR;
				GCC_WARN_UNDECLARED_SELECTOR = YES;
				GCC_WARN_UNINITIALIZED_AUTOS = YES_AGGRESSIVE;
				GCC_WARN_UNUSED_FUNCTION = YES;
				GCC_WARN_UNUSED_VARIABLE = YES;
				IPHONEOS_DEPLOYMENT_TARGET = 12.1;
				MTL_ENABLE_DEBUG_INFO = NO;
				MTL_FAST_MATH = YES;
				SDKROOT = iphoneos;
				SWIFT_COMPILATION_MODE = wholemodule;
				SWIFT_OPTIMIZATION_LEVEL = "-O";
				VALIDATE_PRODUCT = YES;
			};
			name = Release;
		};
		BFE07161217F913700429996 /* Debug */ = {
			isa = XCBuildConfiguration;
			baseConfigurationReference = DEE4F661163A9C833C558184 /* Pods-Shudder.debug.xcconfig */;
			buildSettings = {
				ASSETCATALOG_COMPILER_APPICON_NAME = AppIcon;
				CODE_SIGN_STYLE = Automatic;
				DEVELOPMENT_TEAM = M5447X76VF;
				INFOPLIST_FILE = Shudder/Info.plist;
				LD_RUNPATH_SEARCH_PATHS = (
					"$(inherited)",
					"@executable_path/Frameworks",
				);
				PRODUCT_BUNDLE_IDENTIFIER = iOS.Shudder;
				PRODUCT_NAME = "$(TARGET_NAME)";
				SWIFT_VERSION = 4.2;
				TARGETED_DEVICE_FAMILY = "1,2";
			};
			name = Debug;
		};
		BFE07162217F913700429996 /* Release */ = {
			isa = XCBuildConfiguration;
			baseConfigurationReference = 7EA8AD3D1CC1FD92E93E529C /* Pods-Shudder.release.xcconfig */;
			buildSettings = {
				ASSETCATALOG_COMPILER_APPICON_NAME = AppIcon;
				CODE_SIGN_STYLE = Automatic;
				DEVELOPMENT_TEAM = M5447X76VF;
				INFOPLIST_FILE = Shudder/Info.plist;
				LD_RUNPATH_SEARCH_PATHS = (
					"$(inherited)",
					"@executable_path/Frameworks",
				);
				PRODUCT_BUNDLE_IDENTIFIER = iOS.Shudder;
				PRODUCT_NAME = "$(TARGET_NAME)";
				SWIFT_VERSION = 4.2;
				TARGETED_DEVICE_FAMILY = "1,2";
			};
			name = Release;
		};
		BFE07164217F913700429996 /* Debug */ = {
			isa = XCBuildConfiguration;
			baseConfigurationReference = 1EA1BD91999FC0F15889C69A /* Pods-ShudderUITests.debug.xcconfig */;
			buildSettings = {
				ALWAYS_EMBED_SWIFT_STANDARD_LIBRARIES = YES;
				CODE_SIGN_STYLE = Automatic;
				DEVELOPMENT_TEAM = 5G73R47QN9;
				INFOPLIST_FILE = ShudderUITests/Info.plist;
				LD_RUNPATH_SEARCH_PATHS = (
					"$(inherited)",
					"@executable_path/Frameworks",
					"@loader_path/Frameworks",
				);
				PRODUCT_BUNDLE_IDENTIFIER = Mapfit.ShudderUITests;
				PRODUCT_NAME = "$(TARGET_NAME)";
				SWIFT_VERSION = 4.2;
				TARGETED_DEVICE_FAMILY = "1,2";
				TEST_TARGET_NAME = Shudder;
			};
			name = Debug;
		};
		BFE07165217F913700429996 /* Release */ = {
			isa = XCBuildConfiguration;
			baseConfigurationReference = 164A8FA09C4FD1A78CB64466 /* Pods-ShudderUITests.release.xcconfig */;
			buildSettings = {
				ALWAYS_EMBED_SWIFT_STANDARD_LIBRARIES = YES;
				CODE_SIGN_STYLE = Automatic;
				DEVELOPMENT_TEAM = 5G73R47QN9;
				INFOPLIST_FILE = ShudderUITests/Info.plist;
				LD_RUNPATH_SEARCH_PATHS = (
					"$(inherited)",
					"@executable_path/Frameworks",
					"@loader_path/Frameworks",
				);
				PRODUCT_BUNDLE_IDENTIFIER = Mapfit.ShudderUITests;
				PRODUCT_NAME = "$(TARGET_NAME)";
				SWIFT_VERSION = 4.2;
				TARGETED_DEVICE_FAMILY = "1,2";
				TEST_TARGET_NAME = Shudder;
			};
			name = Release;
		};
/* End XCBuildConfiguration section */

/* Begin XCConfigurationList section */
		BFE0713B217F913500429996 /* Build configuration list for PBXProject "Shudder" */ = {
			isa = XCConfigurationList;
			buildConfigurations = (
				BFE0715E217F913700429996 /* Debug */,
				BFE0715F217F913700429996 /* Release */,
			);
			defaultConfigurationIsVisible = 0;
			defaultConfigurationName = Release;
		};
		BFE07160217F913700429996 /* Build configuration list for PBXNativeTarget "Shudder" */ = {
			isa = XCConfigurationList;
			buildConfigurations = (
				BFE07161217F913700429996 /* Debug */,
				BFE07162217F913700429996 /* Release */,
			);
			defaultConfigurationIsVisible = 0;
			defaultConfigurationName = Release;
		};
		BFE07163217F913700429996 /* Build configuration list for PBXNativeTarget "ShudderUITests" */ = {
			isa = XCConfigurationList;
			buildConfigurations = (
				BFE07164217F913700429996 /* Debug */,
				BFE07165217F913700429996 /* Release */,
			);
			defaultConfigurationIsVisible = 0;
			defaultConfigurationName = Release;
		};
/* End XCConfigurationList section */

/* Begin XCVersionGroup section */
		BFE0714A217F913500429996 /* Shudder.xcdatamodeld */ = {
			isa = XCVersionGroup;
			children = (
				BFE0714B217F913500429996 /* Shudder.xcdatamodel */,
			);
			currentVersion = BFE0714B217F913500429996 /* Shudder.xcdatamodel */;
			path = Shudder.xcdatamodeld;
			sourceTree = "<group>";
			versionGroupType = wrapper.xcdatamodel;
		};
/* End XCVersionGroup section */
	};
	rootObject = BFE07138217F913500429996 /* Project object */;
}
